{
  "name": "gs377209.github.io",
  "version": "2.0.0",
  "lockfileVersion": 3,
  "requires": true,
  "packages": {
    "": {
      "name": "gs377209.github.io",
      "version": "2.0.0",
      "license": "ISC",
      "dependencies": {
        "jquery": "^3.7.1"
      },
      "engines": {
        "node": "^18.19.0",
        "npm": "^10.2.3"
      }
    },
    "node_modules/jquery": {
      "version": "3.7.1",
      "resolved": "https://registry.npmjs.org/jquery/-/jquery-3.7.1.tgz",
      "integrity": "sha512-m4avr8yL8kmFN8psrbFFFmB/If14iN5o9nw/NgnnM+kybDJpRsAynV2BsfpTYrTRysYUdADVD7CkUUizgkpLfg=="
    }
  }
}
